
Microsoft Visual Studio Solution File, Format Version 12.00
# Visual Studio 14
VisualStudioVersion = 14.0.25420.1
MinimumVisualStudioVersion = 10.0.40219.1
Project("{F184B08F-C81C-45F6-A57F-5ABD9991F28F}") = "service", "service\service.vbproj", "{34ACC65E-0550-4AE7-BB5B-74655F7B3078}"
	ProjectSection(ProjectDependencies) = postProject
		{A82EF03D-3E04-4560-BBB2-4AA9A12BC152} = {A82EF03D-3E04-4560-BBB2-4AA9A12BC152}
		{3A0A6FE9-D5B8-40CF-8D9B-ADF3E003D43E} = {3A0A6FE9-D5B8-40CF-8D9B-ADF3E003D43E}
	EndProjectSection
EndProject
Project("{F184B08F-C81C-45F6-A57F-5ABD9991F28F}") = "PriSock", "submodules\PriSock\PriSock.vbproj", "{41FB05E6-A5C2-46A9-816C-BBD42A6424C5}"
EndProject
Project("{F184B08F-C81C-45F6-A57F-5ABD9991F28F}") = "RegistryClassLibrary", "submodules\libRegistry\RegistryClassLibrary\RegistryClassLibrary.vbproj", "{35885C1D-46EC-415D-9368-BCF2CDEB4DFD}"
EndProject
Project("{F184B08F-C81C-45F6-A57F-5ABD9991F28F}") = "Interface.Service", "interfaces\svcInterface\Interface.Service.vbproj", "{42E6D8F2-AD53-42B7-B386-A61517F66560}"
EndProject
Project("{2150E333-8FDC-42A3-9474-1A3956D46DE8}") = "Messages", "Messages", "{DE811FD7-A03F-4188-AF7A-FDDD5F0C4B95}"
EndProject
Project("{2150E333-8FDC-42A3-9474-1A3956D46DE8}") = "Services", "Services", "{71345949-D7AA-4457-9475-9E70FDAD6168}"
EndProject
Project("{F184B08F-C81C-45F6-A57F-5ABD9991F28F}") = "ServiceHost", "submodules\ServiceHost\ServiceHost.vbproj", "{669CE56F-31CE-46C0-8C97-98D76E64CA7F}"
EndProject
Project("{2150E333-8FDC-42A3-9474-1A3956D46DE8}") = "Subscribers", "Subscribers", "{CB78CF58-9B2B-4787-BBE5-9D3B02CD3652}"
EndProject
Project("{F184B08F-C81C-45F6-A57F-5ABD9991F28F}") = "Interface.Subsciber", "interfaces\SubsciberInterface\Interface.Subsciber.vbproj", "{72DD5852-865D-4D45-B57D-89FFCD8B9001}"
EndProject
Project("{F184B08F-C81C-45F6-A57F-5ABD9991F28F}") = "Interface.Message", "interfaces\MessageInterface\Interface.Message.vbproj", "{1F1E19DB-2089-482C-9E33-CF2422E27199}"
EndProject
Project("{F184B08F-C81C-45F6-A57F-5ABD9991F28F}") = "svcMessage", "modules\messages\svcMessage.vbproj", "{ADA93D6F-4915-4A49-94D1-318347ED1A1D}"
EndProject
Project("{2150E333-8FDC-42A3-9474-1A3956D46DE8}") = "Main", "Main", "{2BD155A3-B16F-44D8-80A9-9C8B75A17A3B}"
EndProject
Project("{2150E333-8FDC-42A3-9474-1A3956D46DE8}") = "Interfaces", "Interfaces", "{1C7D940B-5293-4F29-95E2-6C590DF110EF}"
EndProject
Project("{2150E333-8FDC-42A3-9474-1A3956D46DE8}") = "Modules", "Modules", "{EC7542DB-88DD-4213-9AEE-83F49DDA7407}"
EndProject
Project("{2150E333-8FDC-42A3-9474-1A3956D46DE8}") = "Support", "Support", "{F749C164-EB8A-4B8C-BFE1-C5A661CBFB1A}"
EndProject
Project("{F184B08F-C81C-45F6-A57F-5ABD9991F28F}") = "Services.WebRelay", "modules\Services\WebRelay\Services.WebRelay.vbproj", "{3A0A6FE9-D5B8-40CF-8D9B-ADF3E003D43E}"
EndProject
Project("{F184B08F-C81C-45F6-A57F-5ABD9991F28F}") = "Services.Loader", "modules\Services\q\Services.Loader.vbproj", "{A82EF03D-3E04-4560-BBB2-4AA9A12BC152}"
EndProject
Project("{F184B08F-C81C-45F6-A57F-5ABD9991F28F}") = "Loading", "submodules\loading\Loading\Loading.vbproj", "{491FC77F-C08A-4791-91B7-8563C9F65563}"
EndProject
Project("{F184B08F-C81C-45F6-A57F-5ABD9991F28F}") = "pmmc", "mmc\pmmc\pmmc.vbproj", "{C0DFACF1-1FB8-4840-9D25-8C47DD563DD9}"
EndProject
Project("{F184B08F-C81C-45F6-A57F-5ABD9991F28F}") = "Interface.Cpl", "interfaces\cplInterfce\Interface.Cpl\Interface.Cpl.vbproj", "{4455B4C1-2284-4499-B8F6-87D78DE17794}"
EndProject
Project("{F184B08F-C81C-45F6-A57F-5ABD9991F28F}") = "Interface.BaseSvc", "interfaces\ServiceInterface\Interface.BaseSvc.vbproj", "{4C9DCB1A-31C7-49D9-AD71-2677B8C34F3D}"
EndProject
Project("{F184B08F-C81C-45F6-A57F-5ABD9991F28F}") = "Subscriber.EventLog", "modules\subscriber\EventLog\Subscriber.EventLog.vbproj", "{1FB887FE-1FBC-4C92-B1C6-6FA2E1178760}"
EndProject
Project("{F184B08F-C81C-45F6-A57F-5ABD9991F28F}") = "pp6", "pp6\pp6\pp6.vbproj", "{5BD96030-9AEB-4DA7-B76B-CF7CDB9F6167}"
EndProject
Project("{2150E333-8FDC-42A3-9474-1A3956D46DE8}") = ".unwise", ".unwise", "{857A5F6D-39EB-4385-84E7-B33EC5D90AD5}"
EndProject
Project("{F184B08F-C81C-45F6-A57F-5ABD9991F28F}") = "mef", "submodules\MEF\mef\mef.vbproj", "{787B6D11-1EE4-42C7-9F7D-9D209F07B84A}"
EndProject
Project("{F184B08F-C81C-45F6-A57F-5ABD9991F28F}") = "Interface.Web", "api\WebInterface\Interface.Web.vbproj", "{BE4B8869-D8DD-46DB-B680-7807E1162642}"
EndProject
Global
	GlobalSection(SolutionConfigurationPlatforms) = preSolution
		CD_ROM|Any CPU = CD_ROM|Any CPU
		Debug|Any CPU = Debug|Any CPU
		DVD-5|Any CPU = DVD-5|Any CPU
		Handlers Only|Any CPU = Handlers Only|Any CPU
		Release|Any CPU = Release|Any CPU
		SingleImage|Any CPU = SingleImage|Any CPU
	EndGlobalSection
	GlobalSection(ProjectConfigurationPlatforms) = postSolution
		{34ACC65E-0550-4AE7-BB5B-74655F7B3078}.CD_ROM|Any CPU.ActiveCfg = Release|Any CPU
		{34ACC65E-0550-4AE7-BB5B-74655F7B3078}.CD_ROM|Any CPU.Build.0 = Release|Any CPU
		{34ACC65E-0550-4AE7-BB5B-74655F7B3078}.Debug|Any CPU.ActiveCfg = Debug|Any CPU
		{34ACC65E-0550-4AE7-BB5B-74655F7B3078}.Debug|Any CPU.Build.0 = Debug|Any CPU
		{34ACC65E-0550-4AE7-BB5B-74655F7B3078}.DVD-5|Any CPU.ActiveCfg = Debug|Any CPU
		{34ACC65E-0550-4AE7-BB5B-74655F7B3078}.DVD-5|Any CPU.Build.0 = Debug|Any CPU
		{34ACC65E-0550-4AE7-BB5B-74655F7B3078}.Handlers Only|Any CPU.ActiveCfg = Release|Any CPU
		{34ACC65E-0550-4AE7-BB5B-74655F7B3078}.Handlers Only|Any CPU.Build.0 = Release|Any CPU
		{34ACC65E-0550-4AE7-BB5B-74655F7B3078}.Release|Any CPU.ActiveCfg = Release|Any CPU
		{34ACC65E-0550-4AE7-BB5B-74655F7B3078}.Release|Any CPU.Build.0 = Release|Any CPU
		{34ACC65E-0550-4AE7-BB5B-74655F7B3078}.SingleImage|Any CPU.ActiveCfg = Release|Any CPU
		{34ACC65E-0550-4AE7-BB5B-74655F7B3078}.SingleImage|Any CPU.Build.0 = Release|Any CPU
		{41FB05E6-A5C2-46A9-816C-BBD42A6424C5}.CD_ROM|Any CPU.ActiveCfg = Release|Any CPU
		{41FB05E6-A5C2-46A9-816C-BBD42A6424C5}.CD_ROM|Any CPU.Build.0 = Release|Any CPU
		{41FB05E6-A5C2-46A9-816C-BBD42A6424C5}.Debug|Any CPU.ActiveCfg = Debug|Any CPU
		{41FB05E6-A5C2-46A9-816C-BBD42A6424C5}.Debug|Any CPU.Build.0 = Debug|Any CPU
		{41FB05E6-A5C2-46A9-816C-BBD42A6424C5}.DVD-5|Any CPU.ActiveCfg = Debug|Any CPU
		{41FB05E6-A5C2-46A9-816C-BBD42A6424C5}.DVD-5|Any CPU.Build.0 = Debug|Any CPU
		{41FB05E6-A5C2-46A9-816C-BBD42A6424C5}.Handlers Only|Any CPU.ActiveCfg = Handlers Only|Any CPU
		{41FB05E6-A5C2-46A9-816C-BBD42A6424C5}.Handlers Only|Any CPU.Build.0 = Handlers Only|Any CPU
		{41FB05E6-A5C2-46A9-816C-BBD42A6424C5}.Release|Any CPU.ActiveCfg = Release|Any CPU
		{41FB05E6-A5C2-46A9-816C-BBD42A6424C5}.Release|Any CPU.Build.0 = Release|Any CPU
		{41FB05E6-A5C2-46A9-816C-BBD42A6424C5}.SingleImage|Any CPU.ActiveCfg = Release|Any CPU
		{41FB05E6-A5C2-46A9-816C-BBD42A6424C5}.SingleImage|Any CPU.Build.0 = Release|Any CPU
		{35885C1D-46EC-415D-9368-BCF2CDEB4DFD}.CD_ROM|Any CPU.ActiveCfg = Release|Any CPU
		{35885C1D-46EC-415D-9368-BCF2CDEB4DFD}.CD_ROM|Any CPU.Build.0 = Release|Any CPU
		{35885C1D-46EC-415D-9368-BCF2CDEB4DFD}.Debug|Any CPU.ActiveCfg = Debug|Any CPU
		{35885C1D-46EC-415D-9368-BCF2CDEB4DFD}.Debug|Any CPU.Build.0 = Debug|Any CPU
		{35885C1D-46EC-415D-9368-BCF2CDEB4DFD}.DVD-5|Any CPU.ActiveCfg = Debug|Any CPU
		{35885C1D-46EC-415D-9368-BCF2CDEB4DFD}.DVD-5|Any CPU.Build.0 = Debug|Any CPU
		{35885C1D-46EC-415D-9368-BCF2CDEB4DFD}.Handlers Only|Any CPU.ActiveCfg = Release|Any CPU
		{35885C1D-46EC-415D-9368-BCF2CDEB4DFD}.Handlers Only|Any CPU.Build.0 = Release|Any CPU
		{35885C1D-46EC-415D-9368-BCF2CDEB4DFD}.Release|Any CPU.ActiveCfg = Release|Any CPU
		{35885C1D-46EC-415D-9368-BCF2CDEB4DFD}.Release|Any CPU.Build.0 = Release|Any CPU
		{35885C1D-46EC-415D-9368-BCF2CDEB4DFD}.SingleImage|Any CPU.ActiveCfg = Release|Any CPU
		{35885C1D-46EC-415D-9368-BCF2CDEB4DFD}.SingleImage|Any CPU.Build.0 = Release|Any CPU
		{42E6D8F2-AD53-42B7-B386-A61517F66560}.CD_ROM|Any CPU.ActiveCfg = Release|Any CPU
		{42E6D8F2-AD53-42B7-B386-A61517F66560}.CD_ROM|Any CPU.Build.0 = Release|Any CPU
		{42E6D8F2-AD53-42B7-B386-A61517F66560}.Debug|Any CPU.ActiveCfg = Debug|Any CPU
		{42E6D8F2-AD53-42B7-B386-A61517F66560}.Debug|Any CPU.Build.0 = Debug|Any CPU
		{42E6D8F2-AD53-42B7-B386-A61517F66560}.DVD-5|Any CPU.ActiveCfg = Debug|Any CPU
		{42E6D8F2-AD53-42B7-B386-A61517F66560}.DVD-5|Any CPU.Build.0 = Debug|Any CPU
		{42E6D8F2-AD53-42B7-B386-A61517F66560}.Handlers Only|Any CPU.ActiveCfg = Release|Any CPU
		{42E6D8F2-AD53-42B7-B386-A61517F66560}.Handlers Only|Any CPU.Build.0 = Release|Any CPU
		{42E6D8F2-AD53-42B7-B386-A61517F66560}.Release|Any CPU.ActiveCfg = Release|Any CPU
		{42E6D8F2-AD53-42B7-B386-A61517F66560}.Release|Any CPU.Build.0 = Release|Any CPU
		{42E6D8F2-AD53-42B7-B386-A61517F66560}.SingleImage|Any CPU.ActiveCfg = Release|Any CPU
		{42E6D8F2-AD53-42B7-B386-A61517F66560}.SingleImage|Any CPU.Build.0 = Release|Any CPU
		{669CE56F-31CE-46C0-8C97-98D76E64CA7F}.CD_ROM|Any CPU.ActiveCfg = Release|Any CPU
		{669CE56F-31CE-46C0-8C97-98D76E64CA7F}.CD_ROM|Any CPU.Build.0 = Release|Any CPU
		{669CE56F-31CE-46C0-8C97-98D76E64CA7F}.Debug|Any CPU.ActiveCfg = Debug|Any CPU
		{669CE56F-31CE-46C0-8C97-98D76E64CA7F}.Debug|Any CPU.Build.0 = Debug|Any CPU
		{669CE56F-31CE-46C0-8C97-98D76E64CA7F}.DVD-5|Any CPU.ActiveCfg = Debug|Any CPU
		{669CE56F-31CE-46C0-8C97-98D76E64CA7F}.DVD-5|Any CPU.Build.0 = Debug|Any CPU
		{669CE56F-31CE-46C0-8C97-98D76E64CA7F}.Handlers Only|Any CPU.ActiveCfg = Release|Any CPU
		{669CE56F-31CE-46C0-8C97-98D76E64CA7F}.Handlers Only|Any CPU.Build.0 = Release|Any CPU
		{669CE56F-31CE-46C0-8C97-98D76E64CA7F}.Release|Any CPU.ActiveCfg = Release|Any CPU
		{669CE56F-31CE-46C0-8C97-98D76E64CA7F}.Release|Any CPU.Build.0 = Release|Any CPU
		{669CE56F-31CE-46C0-8C97-98D76E64CA7F}.SingleImage|Any CPU.ActiveCfg = Release|Any CPU
		{669CE56F-31CE-46C0-8C97-98D76E64CA7F}.SingleImage|Any CPU.Build.0 = Release|Any CPU
		{72DD5852-865D-4D45-B57D-89FFCD8B9001}.CD_ROM|Any CPU.ActiveCfg = Release|Any CPU
		{72DD5852-865D-4D45-B57D-89FFCD8B9001}.CD_ROM|Any CPU.Build.0 = Release|Any CPU
		{72DD5852-865D-4D45-B57D-89FFCD8B9001}.Debug|Any CPU.ActiveCfg = Debug|Any CPU
		{72DD5852-865D-4D45-B57D-89FFCD8B9001}.Debug|Any CPU.Build.0 = Debug|Any CPU
		{72DD5852-865D-4D45-B57D-89FFCD8B9001}.DVD-5|Any CPU.ActiveCfg = Debug|Any CPU
		{72DD5852-865D-4D45-B57D-89FFCD8B9001}.DVD-5|Any CPU.Build.0 = Debug|Any CPU
		{72DD5852-865D-4D45-B57D-89FFCD8B9001}.Handlers Only|Any CPU.ActiveCfg = Release|Any CPU
		{72DD5852-865D-4D45-B57D-89FFCD8B9001}.Handlers Only|Any CPU.Build.0 = Release|Any CPU
		{72DD5852-865D-4D45-B57D-89FFCD8B9001}.Release|Any CPU.ActiveCfg = Release|Any CPU
		{72DD5852-865D-4D45-B57D-89FFCD8B9001}.Release|Any CPU.Build.0 = Release|Any CPU
		{72DD5852-865D-4D45-B57D-89FFCD8B9001}.SingleImage|Any CPU.ActiveCfg = Release|Any CPU
		{72DD5852-865D-4D45-B57D-89FFCD8B9001}.SingleImage|Any CPU.Build.0 = Release|Any CPU
		{1F1E19DB-2089-482C-9E33-CF2422E27199}.CD_ROM|Any CPU.ActiveCfg = Release|Any CPU
		{1F1E19DB-2089-482C-9E33-CF2422E27199}.CD_ROM|Any CPU.Build.0 = Release|Any CPU
		{1F1E19DB-2089-482C-9E33-CF2422E27199}.Debug|Any CPU.ActiveCfg = Debug|Any CPU
		{1F1E19DB-2089-482C-9E33-CF2422E27199}.Debug|Any CPU.Build.0 = Debug|Any CPU
		{1F1E19DB-2089-482C-9E33-CF2422E27199}.DVD-5|Any CPU.ActiveCfg = Debug|Any CPU
		{1F1E19DB-2089-482C-9E33-CF2422E27199}.DVD-5|Any CPU.Build.0 = Debug|Any CPU
		{1F1E19DB-2089-482C-9E33-CF2422E27199}.Handlers Only|Any CPU.ActiveCfg = Release|Any CPU
		{1F1E19DB-2089-482C-9E33-CF2422E27199}.Handlers Only|Any CPU.Build.0 = Release|Any CPU
		{1F1E19DB-2089-482C-9E33-CF2422E27199}.Release|Any CPU.ActiveCfg = Release|Any CPU
		{1F1E19DB-2089-482C-9E33-CF2422E27199}.Release|Any CPU.Build.0 = Release|Any CPU
		{1F1E19DB-2089-482C-9E33-CF2422E27199}.SingleImage|Any CPU.ActiveCfg = Release|Any CPU
		{1F1E19DB-2089-482C-9E33-CF2422E27199}.SingleImage|Any CPU.Build.0 = Release|Any CPU
		{ADA93D6F-4915-4A49-94D1-318347ED1A1D}.CD_ROM|Any CPU.ActiveCfg = Release|Any CPU
		{ADA93D6F-4915-4A49-94D1-318347ED1A1D}.CD_ROM|Any CPU.Build.0 = Release|Any CPU
		{ADA93D6F-4915-4A49-94D1-318347ED1A1D}.Debug|Any CPU.ActiveCfg = Debug|Any CPU
		{ADA93D6F-4915-4A49-94D1-318347ED1A1D}.Debug|Any CPU.Build.0 = Debug|Any CPU
		{ADA93D6F-4915-4A49-94D1-318347ED1A1D}.DVD-5|Any CPU.ActiveCfg = Debug|Any CPU
		{ADA93D6F-4915-4A49-94D1-318347ED1A1D}.DVD-5|Any CPU.Build.0 = Debug|Any CPU
		{ADA93D6F-4915-4A49-94D1-318347ED1A1D}.Handlers Only|Any CPU.ActiveCfg = Release|Any CPU
		{ADA93D6F-4915-4A49-94D1-318347ED1A1D}.Handlers Only|Any CPU.Build.0 = Release|Any CPU
		{ADA93D6F-4915-4A49-94D1-318347ED1A1D}.Release|Any CPU.ActiveCfg = Release|Any CPU
		{ADA93D6F-4915-4A49-94D1-318347ED1A1D}.Release|Any CPU.Build.0 = Release|Any CPU
		{ADA93D6F-4915-4A49-94D1-318347ED1A1D}.SingleImage|Any CPU.ActiveCfg = Release|Any CPU
		{ADA93D6F-4915-4A49-94D1-318347ED1A1D}.SingleImage|Any CPU.Build.0 = Release|Any CPU
		{3A0A6FE9-D5B8-40CF-8D9B-ADF3E003D43E}.CD_ROM|Any CPU.ActiveCfg = Release|Any CPU
		{3A0A6FE9-D5B8-40CF-8D9B-ADF3E003D43E}.CD_ROM|Any CPU.Build.0 = Release|Any CPU
		{3A0A6FE9-D5B8-40CF-8D9B-ADF3E003D43E}.Debug|Any CPU.ActiveCfg = Debug|Any CPU
		{3A0A6FE9-D5B8-40CF-8D9B-ADF3E003D43E}.Debug|Any CPU.Build.0 = Debug|Any CPU
		{3A0A6FE9-D5B8-40CF-8D9B-ADF3E003D43E}.DVD-5|Any CPU.ActiveCfg = Debug|Any CPU
		{3A0A6FE9-D5B8-40CF-8D9B-ADF3E003D43E}.DVD-5|Any CPU.Build.0 = Debug|Any CPU
		{3A0A6FE9-D5B8-40CF-8D9B-ADF3E003D43E}.Handlers Only|Any CPU.ActiveCfg = Release|Any CPU
		{3A0A6FE9-D5B8-40CF-8D9B-ADF3E003D43E}.Handlers Only|Any CPU.Build.0 = Release|Any CPU
		{3A0A6FE9-D5B8-40CF-8D9B-ADF3E003D43E}.Release|Any CPU.ActiveCfg = Release|Any CPU
		{3A0A6FE9-D5B8-40CF-8D9B-ADF3E003D43E}.Release|Any CPU.Build.0 = Release|Any CPU
		{3A0A6FE9-D5B8-40CF-8D9B-ADF3E003D43E}.SingleImage|Any CPU.ActiveCfg = Release|Any CPU
		{3A0A6FE9-D5B8-40CF-8D9B-ADF3E003D43E}.SingleImage|Any CPU.Build.0 = Release|Any CPU
		{A82EF03D-3E04-4560-BBB2-4AA9A12BC152}.CD_ROM|Any CPU.ActiveCfg = Release|Any CPU
		{A82EF03D-3E04-4560-BBB2-4AA9A12BC152}.CD_ROM|Any CPU.Build.0 = Release|Any CPU
		{A82EF03D-3E04-4560-BBB2-4AA9A12BC152}.Debug|Any CPU.ActiveCfg = Debug|Any CPU
		{A82EF03D-3E04-4560-BBB2-4AA9A12BC152}.Debug|Any CPU.Build.0 = Debug|Any CPU
		{A82EF03D-3E04-4560-BBB2-4AA9A12BC152}.DVD-5|Any CPU.ActiveCfg = Debug|Any CPU
		{A82EF03D-3E04-4560-BBB2-4AA9A12BC152}.DVD-5|Any CPU.Build.0 = Debug|Any CPU
		{A82EF03D-3E04-4560-BBB2-4AA9A12BC152}.Handlers Only|Any CPU.ActiveCfg = Release|Any CPU
		{A82EF03D-3E04-4560-BBB2-4AA9A12BC152}.Handlers Only|Any CPU.Build.0 = Release|Any CPU
		{A82EF03D-3E04-4560-BBB2-4AA9A12BC152}.Release|Any CPU.ActiveCfg = Release|Any CPU
		{A82EF03D-3E04-4560-BBB2-4AA9A12BC152}.Release|Any CPU.Build.0 = Release|Any CPU
		{A82EF03D-3E04-4560-BBB2-4AA9A12BC152}.SingleImage|Any CPU.ActiveCfg = Release|Any CPU
		{A82EF03D-3E04-4560-BBB2-4AA9A12BC152}.SingleImage|Any CPU.Build.0 = Release|Any CPU
		{491FC77F-C08A-4791-91B7-8563C9F65563}.CD_ROM|Any CPU.ActiveCfg = Release|Any CPU
		{491FC77F-C08A-4791-91B7-8563C9F65563}.CD_ROM|Any CPU.Build.0 = Release|Any CPU
		{491FC77F-C08A-4791-91B7-8563C9F65563}.Debug|Any CPU.ActiveCfg = Debug|Any CPU
		{491FC77F-C08A-4791-91B7-8563C9F65563}.Debug|Any CPU.Build.0 = Debug|Any CPU
		{491FC77F-C08A-4791-91B7-8563C9F65563}.DVD-5|Any CPU.ActiveCfg = Debug|Any CPU
		{491FC77F-C08A-4791-91B7-8563C9F65563}.DVD-5|Any CPU.Build.0 = Debug|Any CPU
		{491FC77F-C08A-4791-91B7-8563C9F65563}.Handlers Only|Any CPU.ActiveCfg = Release|Any CPU
		{491FC77F-C08A-4791-91B7-8563C9F65563}.Handlers Only|Any CPU.Build.0 = Release|Any CPU
		{491FC77F-C08A-4791-91B7-8563C9F65563}.Release|Any CPU.ActiveCfg = Release|Any CPU
		{491FC77F-C08A-4791-91B7-8563C9F65563}.Release|Any CPU.Build.0 = Release|Any CPU
		{491FC77F-C08A-4791-91B7-8563C9F65563}.SingleImage|Any CPU.ActiveCfg = Release|Any CPU
		{491FC77F-C08A-4791-91B7-8563C9F65563}.SingleImage|Any CPU.Build.0 = Release|Any CPU
		{C0DFACF1-1FB8-4840-9D25-8C47DD563DD9}.CD_ROM|Any CPU.ActiveCfg = Release|Any CPU
		{C0DFACF1-1FB8-4840-9D25-8C47DD563DD9}.CD_ROM|Any CPU.Build.0 = Release|Any CPU
		{C0DFACF1-1FB8-4840-9D25-8C47DD563DD9}.Debug|Any CPU.ActiveCfg = Debug|Any CPU
		{C0DFACF1-1FB8-4840-9D25-8C47DD563DD9}.Debug|Any CPU.Build.0 = Debug|Any CPU
		{C0DFACF1-1FB8-4840-9D25-8C47DD563DD9}.DVD-5|Any CPU.ActiveCfg = Debug|Any CPU
		{C0DFACF1-1FB8-4840-9D25-8C47DD563DD9}.DVD-5|Any CPU.Build.0 = Debug|Any CPU
		{C0DFACF1-1FB8-4840-9D25-8C47DD563DD9}.Handlers Only|Any CPU.ActiveCfg = Release|Any CPU
		{C0DFACF1-1FB8-4840-9D25-8C47DD563DD9}.Handlers Only|Any CPU.Build.0 = Release|Any CPU
		{C0DFACF1-1FB8-4840-9D25-8C47DD563DD9}.Release|Any CPU.ActiveCfg = Release|Any CPU
		{C0DFACF1-1FB8-4840-9D25-8C47DD563DD9}.Release|Any CPU.Build.0 = Release|Any CPU
		{C0DFACF1-1FB8-4840-9D25-8C47DD563DD9}.SingleImage|Any CPU.ActiveCfg = Release|Any CPU
		{C0DFACF1-1FB8-4840-9D25-8C47DD563DD9}.SingleImage|Any CPU.Build.0 = Release|Any CPU
		{4455B4C1-2284-4499-B8F6-87D78DE17794}.CD_ROM|Any CPU.ActiveCfg = Release|Any CPU
		{4455B4C1-2284-4499-B8F6-87D78DE17794}.CD_ROM|Any CPU.Build.0 = Release|Any CPU
		{4455B4C1-2284-4499-B8F6-87D78DE17794}.Debug|Any CPU.ActiveCfg = Debug|Any CPU
		{4455B4C1-2284-4499-B8F6-87D78DE17794}.Debug|Any CPU.Build.0 = Debug|Any CPU
		{4455B4C1-2284-4499-B8F6-87D78DE17794}.DVD-5|Any CPU.ActiveCfg = Debug|Any CPU
		{4455B4C1-2284-4499-B8F6-87D78DE17794}.DVD-5|Any CPU.Build.0 = Debug|Any CPU
		{4455B4C1-2284-4499-B8F6-87D78DE17794}.Handlers Only|Any CPU.ActiveCfg = Release|Any CPU
		{4455B4C1-2284-4499-B8F6-87D78DE17794}.Handlers Only|Any CPU.Build.0 = Release|Any CPU
		{4455B4C1-2284-4499-B8F6-87D78DE17794}.Release|Any CPU.ActiveCfg = Release|Any CPU
		{4455B4C1-2284-4499-B8F6-87D78DE17794}.Release|Any CPU.Build.0 = Release|Any CPU
		{4455B4C1-2284-4499-B8F6-87D78DE17794}.SingleImage|Any CPU.ActiveCfg = Release|Any CPU
		{4455B4C1-2284-4499-B8F6-87D78DE17794}.SingleImage|Any CPU.Build.0 = Release|Any CPU
		{4C9DCB1A-31C7-49D9-AD71-2677B8C34F3D}.CD_ROM|Any CPU.ActiveCfg = Release|Any CPU
		{4C9DCB1A-31C7-49D9-AD71-2677B8C34F3D}.CD_ROM|Any CPU.Build.0 = Release|Any CPU
		{4C9DCB1A-31C7-49D9-AD71-2677B8C34F3D}.Debug|Any CPU.ActiveCfg = Debug|Any CPU
		{4C9DCB1A-31C7-49D9-AD71-2677B8C34F3D}.Debug|Any CPU.Build.0 = Debug|Any CPU
		{4C9DCB1A-31C7-49D9-AD71-2677B8C34F3D}.DVD-5|Any CPU.ActiveCfg = Debug|Any CPU
		{4C9DCB1A-31C7-49D9-AD71-2677B8C34F3D}.DVD-5|Any CPU.Build.0 = Debug|Any CPU
		{4C9DCB1A-31C7-49D9-AD71-2677B8C34F3D}.Handlers Only|Any CPU.ActiveCfg = Release|Any CPU
		{4C9DCB1A-31C7-49D9-AD71-2677B8C34F3D}.Handlers Only|Any CPU.Build.0 = Release|Any CPU
		{4C9DCB1A-31C7-49D9-AD71-2677B8C34F3D}.Release|Any CPU.ActiveCfg = Release|Any CPU
		{4C9DCB1A-31C7-49D9-AD71-2677B8C34F3D}.Release|Any CPU.Build.0 = Release|Any CPU
		{4C9DCB1A-31C7-49D9-AD71-2677B8C34F3D}.SingleImage|Any CPU.ActiveCfg = Release|Any CPU
		{4C9DCB1A-31C7-49D9-AD71-2677B8C34F3D}.SingleImage|Any CPU.Build.0 = Release|Any CPU
		{1FB887FE-1FBC-4C92-B1C6-6FA2E1178760}.CD_ROM|Any CPU.ActiveCfg = Release|Any CPU
		{1FB887FE-1FBC-4C92-B1C6-6FA2E1178760}.CD_ROM|Any CPU.Build.0 = Release|Any CPU
		{1FB887FE-1FBC-4C92-B1C6-6FA2E1178760}.Debug|Any CPU.ActiveCfg = Debug|Any CPU
		{1FB887FE-1FBC-4C92-B1C6-6FA2E1178760}.Debug|Any CPU.Build.0 = Debug|Any CPU
		{1FB887FE-1FBC-4C92-B1C6-6FA2E1178760}.DVD-5|Any CPU.ActiveCfg = Debug|Any CPU
		{1FB887FE-1FBC-4C92-B1C6-6FA2E1178760}.DVD-5|Any CPU.Build.0 = Debug|Any CPU
		{1FB887FE-1FBC-4C92-B1C6-6FA2E1178760}.Handlers Only|Any CPU.ActiveCfg = Release|Any CPU
		{1FB887FE-1FBC-4C92-B1C6-6FA2E1178760}.Handlers Only|Any CPU.Build.0 = Release|Any CPU
		{1FB887FE-1FBC-4C92-B1C6-6FA2E1178760}.Release|Any CPU.ActiveCfg = Release|Any CPU
		{1FB887FE-1FBC-4C92-B1C6-6FA2E1178760}.Release|Any CPU.Build.0 = Release|Any CPU
		{1FB887FE-1FBC-4C92-B1C6-6FA2E1178760}.SingleImage|Any CPU.ActiveCfg = Release|Any CPU
		{1FB887FE-1FBC-4C92-B1C6-6FA2E1178760}.SingleImage|Any CPU.Build.0 = Release|Any CPU
		{5BD96030-9AEB-4DA7-B76B-CF7CDB9F6167}.CD_ROM|Any CPU.ActiveCfg = Release|Any CPU
		{5BD96030-9AEB-4DA7-B76B-CF7CDB9F6167}.CD_ROM|Any CPU.Build.0 = Release|Any CPU
		{5BD96030-9AEB-4DA7-B76B-CF7CDB9F6167}.Debug|Any CPU.ActiveCfg = Debug|Any CPU
		{5BD96030-9AEB-4DA7-B76B-CF7CDB9F6167}.Debug|Any CPU.Build.0 = Debug|Any CPU
		{5BD96030-9AEB-4DA7-B76B-CF7CDB9F6167}.DVD-5|Any CPU.ActiveCfg = Debug|Any CPU
		{5BD96030-9AEB-4DA7-B76B-CF7CDB9F6167}.DVD-5|Any CPU.Build.0 = Debug|Any CPU
		{5BD96030-9AEB-4DA7-B76B-CF7CDB9F6167}.Handlers Only|Any CPU.ActiveCfg = Release|Any CPU
		{5BD96030-9AEB-4DA7-B76B-CF7CDB9F6167}.Handlers Only|Any CPU.Build.0 = Release|Any CPU
		{5BD96030-9AEB-4DA7-B76B-CF7CDB9F6167}.Release|Any CPU.ActiveCfg = Release|Any CPU
		{5BD96030-9AEB-4DA7-B76B-CF7CDB9F6167}.Release|Any CPU.Build.0 = Release|Any CPU
		{5BD96030-9AEB-4DA7-B76B-CF7CDB9F6167}.SingleImage|Any CPU.ActiveCfg = Release|Any CPU
		{5BD96030-9AEB-4DA7-B76B-CF7CDB9F6167}.SingleImage|Any CPU.Build.0 = Release|Any CPU
		{787B6D11-1EE4-42C7-9F7D-9D209F07B84A}.CD_ROM|Any CPU.ActiveCfg = Release|Any CPU
		{787B6D11-1EE4-42C7-9F7D-9D209F07B84A}.CD_ROM|Any CPU.Build.0 = Release|Any CPU
		{787B6D11-1EE4-42C7-9F7D-9D209F07B84A}.Debug|Any CPU.ActiveCfg = Debug|Any CPU
		{787B6D11-1EE4-42C7-9F7D-9D209F07B84A}.Debug|Any CPU.Build.0 = Debug|Any CPU
		{787B6D11-1EE4-42C7-9F7D-9D209F07B84A}.DVD-5|Any CPU.ActiveCfg = Debug|Any CPU
		{787B6D11-1EE4-42C7-9F7D-9D209F07B84A}.DVD-5|Any CPU.Build.0 = Debug|Any CPU
		{787B6D11-1EE4-42C7-9F7D-9D209F07B84A}.Handlers Only|Any CPU.ActiveCfg = Release|Any CPU
		{787B6D11-1EE4-42C7-9F7D-9D209F07B84A}.Handlers Only|Any CPU.Build.0 = Release|Any CPU
		{787B6D11-1EE4-42C7-9F7D-9D209F07B84A}.Release|Any CPU.ActiveCfg = Release|Any CPU
		{787B6D11-1EE4-42C7-9F7D-9D209F07B84A}.Release|Any CPU.Build.0 = Release|Any CPU
		{787B6D11-1EE4-42C7-9F7D-9D209F07B84A}.SingleImage|Any CPU.ActiveCfg = Release|Any CPU
		{787B6D11-1EE4-42C7-9F7D-9D209F07B84A}.SingleImage|Any CPU.Build.0 = Release|Any CPU
		{BE4B8869-D8DD-46DB-B680-7807E1162642}.CD_ROM|Any CPU.ActiveCfg = Release|Any CPU
		{BE4B8869-D8DD-46DB-B680-7807E1162642}.CD_ROM|Any CPU.Build.0 = Release|Any CPU
		{BE4B8869-D8DD-46DB-B680-7807E1162642}.Debug|Any CPU.ActiveCfg = Debug|Any CPU
		{BE4B8869-D8DD-46DB-B680-7807E1162642}.Debug|Any CPU.Build.0 = Debug|Any CPU
		{BE4B8869-D8DD-46DB-B680-7807E1162642}.DVD-5|Any CPU.ActiveCfg = Debug|Any CPU
		{BE4B8869-D8DD-46DB-B680-7807E1162642}.DVD-5|Any CPU.Build.0 = Debug|Any CPU
		{BE4B8869-D8DD-46DB-B680-7807E1162642}.Handlers Only|Any CPU.ActiveCfg = Release|Any CPU
		{BE4B8869-D8DD-46DB-B680-7807E1162642}.Handlers Only|Any CPU.Build.0 = Release|Any CPU
		{BE4B8869-D8DD-46DB-B680-7807E1162642}.Release|Any CPU.ActiveCfg = Release|Any CPU
		{BE4B8869-D8DD-46DB-B680-7807E1162642}.Release|Any CPU.Build.0 = Release|Any CPU
		{BE4B8869-D8DD-46DB-B680-7807E1162642}.SingleImage|Any CPU.ActiveCfg = Release|Any CPU
		{BE4B8869-D8DD-46DB-B680-7807E1162642}.SingleImage|Any CPU.Build.0 = Release|Any CPU
	EndGlobalSection
	GlobalSection(SolutionProperties) = preSolution
		HideSolutionNode = FALSE
	EndGlobalSection
	GlobalSection(NestedProjects) = preSolution
		{34ACC65E-0550-4AE7-BB5B-74655F7B3078} = {2BD155A3-B16F-44D8-80A9-9C8B75A17A3B}
		{41FB05E6-A5C2-46A9-816C-BBD42A6424C5} = {F749C164-EB8A-4B8C-BFE1-C5A661CBFB1A}
		{35885C1D-46EC-415D-9368-BCF2CDEB4DFD} = {F749C164-EB8A-4B8C-BFE1-C5A661CBFB1A}
		{42E6D8F2-AD53-42B7-B386-A61517F66560} = {1C7D940B-5293-4F29-95E2-6C590DF110EF}
		{DE811FD7-A03F-4188-AF7A-FDDD5F0C4B95} = {EC7542DB-88DD-4213-9AEE-83F49DDA7407}
		{71345949-D7AA-4457-9475-9E70FDAD6168} = {EC7542DB-88DD-4213-9AEE-83F49DDA7407}
		{669CE56F-31CE-46C0-8C97-98D76E64CA7F} = {F749C164-EB8A-4B8C-BFE1-C5A661CBFB1A}
		{CB78CF58-9B2B-4787-BBE5-9D3B02CD3652} = {EC7542DB-88DD-4213-9AEE-83F49DDA7407}
		{72DD5852-865D-4D45-B57D-89FFCD8B9001} = {1C7D940B-5293-4F29-95E2-6C590DF110EF}
		{1F1E19DB-2089-482C-9E33-CF2422E27199} = {1C7D940B-5293-4F29-95E2-6C590DF110EF}
		{ADA93D6F-4915-4A49-94D1-318347ED1A1D} = {DE811FD7-A03F-4188-AF7A-FDDD5F0C4B95}
		{1C7D940B-5293-4F29-95E2-6C590DF110EF} = {2BD155A3-B16F-44D8-80A9-9C8B75A17A3B}
		{F749C164-EB8A-4B8C-BFE1-C5A661CBFB1A} = {2BD155A3-B16F-44D8-80A9-9C8B75A17A3B}
		{3A0A6FE9-D5B8-40CF-8D9B-ADF3E003D43E} = {71345949-D7AA-4457-9475-9E70FDAD6168}
		{A82EF03D-3E04-4560-BBB2-4AA9A12BC152} = {71345949-D7AA-4457-9475-9E70FDAD6168}
		{491FC77F-C08A-4791-91B7-8563C9F65563} = {F749C164-EB8A-4B8C-BFE1-C5A661CBFB1A}
		{C0DFACF1-1FB8-4840-9D25-8C47DD563DD9} = {2BD155A3-B16F-44D8-80A9-9C8B75A17A3B}
		{4455B4C1-2284-4499-B8F6-87D78DE17794} = {1C7D940B-5293-4F29-95E2-6C590DF110EF}
		{4C9DCB1A-31C7-49D9-AD71-2677B8C34F3D} = {1C7D940B-5293-4F29-95E2-6C590DF110EF}
		{1FB887FE-1FBC-4C92-B1C6-6FA2E1178760} = {CB78CF58-9B2B-4787-BBE5-9D3B02CD3652}
		{5BD96030-9AEB-4DA7-B76B-CF7CDB9F6167} = {2BD155A3-B16F-44D8-80A9-9C8B75A17A3B}
		{787B6D11-1EE4-42C7-9F7D-9D209F07B84A} = {F749C164-EB8A-4B8C-BFE1-C5A661CBFB1A}
		{BE4B8869-D8DD-46DB-B680-7807E1162642} = {1C7D940B-5293-4F29-95E2-6C590DF110EF}
	EndGlobalSection
EndGlobal
